
Microsoft Visual Studio Solution File, Format Version 12.00
# Visual Studio Version 16
VisualStudioVersion = 16.0.30114.105
MinimumVisualStudioVersion = 10.0.40219.1
Project("{FAE04EC0-301F-11D3-BF4B-00C04F79EFBC}") = "tests\LoanTestClient", "tests\LoanTestClient\LoanTestClient.csproj", "{302AE94B-1649-42F0-B632-7D0EB026158D}"
EndProject
Project("{FAE04EC0-301F-11D3-BF4B-00C04F79EFBC}") = "CreditBureau.Messages", "src\CreditBureau.Messages\CreditBureau.Messages.csproj", "{F99A368D-4C60-4198-9437-3FBE8A1CF528}"
EndProject
Project("{FAE04EC0-301F-11D3-BF4B-00C04F79EFBC}") = "CreditBureau.Endpoint", "src\CreditBureau.Endpoint\CreditBureau.Endpoint.csproj", "{CE31D39B-B893-4C08-B3BE-7F698772F637}"
EndProject
Project("{2150E333-8FDC-42A3-9474-1A3956D46DE8}") = "tests", "tests", "{27763CAC-34CD-4348-AE6A-F237FB449613}"
EndProject
Project("{FAE04EC0-301F-11D3-BF4B-00C04F79EFBC}") = "CreditBureau.Endpoint.Tests", "tests\CreditBureau.Endpoint.Tests\CreditBureau.Endpoint.Tests.csproj", "{4CBF3199-307A-4F5E-9554-AE1C0D3B30EB}"
EndProject
Project("{2150E333-8FDC-42A3-9474-1A3956D46DE8}") = "src", "src", "{6B35F7D7-87B4-4A8F-8964-B75A56DF699D}"
EndProject
Project("{FAE04EC0-301F-11D3-BF4B-00C04F79EFBC}") = "LoanBroker.Messages", "src\LoanBroker.Messages\LoanBroker.Messages.csproj", "{5C7F12B3-C9A9-457E-8DCA-CB777748C77E}"
EndProject
Global
	GlobalSection(SolutionConfigurationPlatforms) = preSolution
		Debug|Any CPU = Debug|Any CPU
		Release|Any CPU = Release|Any CPU
	EndGlobalSection
	GlobalSection(SolutionProperties) = preSolution
		HideSolutionNode = FALSE
	EndGlobalSection
	GlobalSection(ProjectConfigurationPlatforms) = postSolution
		{302AE94B-1649-42F0-B632-7D0EB026158D}.Debug|Any CPU.ActiveCfg = Debug|Any CPU
		{302AE94B-1649-42F0-B632-7D0EB026158D}.Debug|Any CPU.Build.0 = Debug|Any CPU
		{302AE94B-1649-42F0-B632-7D0EB026158D}.Release|Any CPU.ActiveCfg = Release|Any CPU
		{302AE94B-1649-42F0-B632-7D0EB026158D}.Release|Any CPU.Build.0 = Release|Any CPU
		{F99A368D-4C60-4198-9437-3FBE8A1CF528}.Debug|Any CPU.ActiveCfg = Debug|Any CPU
		{F99A368D-4C60-4198-9437-3FBE8A1CF528}.Debug|Any CPU.Build.0 = Debug|Any CPU
		{F99A368D-4C60-4198-9437-3FBE8A1CF528}.Release|Any CPU.ActiveCfg = Release|Any CPU
		{F99A368D-4C60-4198-9437-3FBE8A1CF528}.Release|Any CPU.Build.0 = Release|Any CPU
		{CE31D39B-B893-4C08-B3BE-7F698772F637}.Debug|Any CPU.ActiveCfg = Debug|Any CPU
		{CE31D39B-B893-4C08-B3BE-7F698772F637}.Debug|Any CPU.Build.0 = Debug|Any CPU
		{CE31D39B-B893-4C08-B3BE-7F698772F637}.Release|Any CPU.ActiveCfg = Release|Any CPU
		{CE31D39B-B893-4C08-B3BE-7F698772F637}.Release|Any CPU.Build.0 = Release|Any CPU
		{4CBF3199-307A-4F5E-9554-AE1C0D3B30EB}.Debug|Any CPU.ActiveCfg = Debug|Any CPU
		{4CBF3199-307A-4F5E-9554-AE1C0D3B30EB}.Debug|Any CPU.Build.0 = Debug|Any CPU
		{4CBF3199-307A-4F5E-9554-AE1C0D3B30EB}.Release|Any CPU.ActiveCfg = Release|Any CPU
		{4CBF3199-307A-4F5E-9554-AE1C0D3B30EB}.Release|Any CPU.Build.0 = Release|Any CPU
		{5C7F12B3-C9A9-457E-8DCA-CB777748C77E}.Debug|Any CPU.ActiveCfg = Debug|Any CPU
		{5C7F12B3-C9A9-457E-8DCA-CB777748C77E}.Debug|Any CPU.Build.0 = Debug|Any CPU
		{5C7F12B3-C9A9-457E-8DCA-CB777748C77E}.Release|Any CPU.ActiveCfg = Release|Any CPU
		{5C7F12B3-C9A9-457E-8DCA-CB777748C77E}.Release|Any CPU.Build.0 = Release|Any CPU
	EndGlobalSection
	GlobalSection(NestedProjects) = preSolution
		{4CBF3199-307A-4F5E-9554-AE1C0D3B30EB} = {27763CAC-34CD-4348-AE6A-F237FB449613}
		{5C7F12B3-C9A9-457E-8DCA-CB777748C77E} = {6B35F7D7-87B4-4A8F-8964-B75A56DF699D}
	EndGlobalSection
EndGlobal
